
Microsoft Visual Studio Solution File, Format Version 12.00
# Visual Studio Version 17
VisualStudioVersion = 17.2.32519.379
MinimumVisualStudioVersion = 10.0.40219.1
Project("{FAE04EC0-301F-11D3-BF4B-00C04F79EFBC}") = "MidiShapeShifter", "MidiShapeShifter\MidiShapeShifter.csproj", "{D19470F9-7D1E-4385-AD34-C7D826649F89}"
EndProject
Project("{FAE04EC0-301F-11D3-BF4B-00C04F79EFBC}") = "MidiShapeShifterTest", "MidiShapeShifterTest\MidiShapeShifterTest.csproj", "{F51E9F9B-101C-4F76-92C3-F28904E58466}"
	ProjectSection(ProjectDependencies) = postProject
		{D19470F9-7D1E-4385-AD34-C7D826649F89} = {D19470F9-7D1E-4385-AD34-C7D826649F89}
	EndProjectSection
EndProject
Project("{54435603-DBB4-11D2-8724-00A0C9A8B90C}") = "MidiShapeShifterInstaller", "MidiShapeShifterInstaller\MidiShapeShifterInstaller.vdproj", "{F78ED296-80A0-4300-AA3B-B754688E6B98}"
EndProject
Global
	GlobalSection(SolutionConfigurationPlatforms) = preSolution
		All|Any CPU = All|Any CPU
		All|Mixed Platforms = All|Mixed Platforms
		All|x64 = All|x64
		All|x86 = All|x86
		Debug|Any CPU = Debug|Any CPU
		Debug|Mixed Platforms = Debug|Mixed Platforms
		Debug|x64 = Debug|x64
		Debug|x86 = Debug|x86
		Deploy|Any CPU = Deploy|Any CPU
		Deploy|Mixed Platforms = Deploy|Mixed Platforms
		Deploy|x64 = Deploy|x64
		Deploy|x86 = Deploy|x86
		Release|Any CPU = Release|Any CPU
		Release|Mixed Platforms = Release|Mixed Platforms
		Release|x64 = Release|x64
		Release|x86 = Release|x86
	EndGlobalSection
	GlobalSection(ProjectConfigurationPlatforms) = postSolution
		{D19470F9-7D1E-4385-AD34-C7D826649F89}.All|Any CPU.ActiveCfg = Release|Any CPU
		{D19470F9-7D1E-4385-AD34-C7D826649F89}.All|Any CPU.Build.0 = Release|Any CPU
		{D19470F9-7D1E-4385-AD34-C7D826649F89}.All|Mixed Platforms.ActiveCfg = Release|x86
		{D19470F9-7D1E-4385-AD34-C7D826649F89}.All|Mixed Platforms.Build.0 = Release|x86
		{D19470F9-7D1E-4385-AD34-C7D826649F89}.All|x64.ActiveCfg = Release|x64
		{D19470F9-7D1E-4385-AD34-C7D826649F89}.All|x64.Build.0 = Release|x64
		{D19470F9-7D1E-4385-AD34-C7D826649F89}.All|x86.ActiveCfg = Release|x86
		{D19470F9-7D1E-4385-AD34-C7D826649F89}.All|x86.Build.0 = Release|x86
		{D19470F9-7D1E-4385-AD34-C7D826649F89}.Debug|Any CPU.ActiveCfg = Debug|Any CPU
		{D19470F9-7D1E-4385-AD34-C7D826649F89}.Debug|Any CPU.Build.0 = Debug|Any CPU
		{D19470F9-7D1E-4385-AD34-C7D826649F89}.Debug|Mixed Platforms.ActiveCfg = Debug|x86
		{D19470F9-7D1E-4385-AD34-C7D826649F89}.Debug|Mixed Platforms.Build.0 = Debug|x86
		{D19470F9-7D1E-4385-AD34-C7D826649F89}.Debug|x64.ActiveCfg = Debug|x64
		{D19470F9-7D1E-4385-AD34-C7D826649F89}.Debug|x64.Build.0 = Debug|x64
		{D19470F9-7D1E-4385-AD34-C7D826649F89}.Debug|x86.ActiveCfg = Debug|x86
		{D19470F9-7D1E-4385-AD34-C7D826649F89}.Debug|x86.Build.0 = Debug|x86
		{D19470F9-7D1E-4385-AD34-C7D826649F89}.Deploy|Any CPU.ActiveCfg = Release|Any CPU
		{D19470F9-7D1E-4385-AD34-C7D826649F89}.Deploy|Any CPU.Build.0 = Release|Any CPU
		{D19470F9-7D1E-4385-AD34-C7D826649F89}.Deploy|Mixed Platforms.ActiveCfg = Debug|x86
		{D19470F9-7D1E-4385-AD34-C7D826649F89}.Deploy|Mixed Platforms.Build.0 = Debug|x86
		{D19470F9-7D1E-4385-AD34-C7D826649F89}.Deploy|x64.ActiveCfg = Release|x64
		{D19470F9-7D1E-4385-AD34-C7D826649F89}.Deploy|x64.Build.0 = Release|x64
		{D19470F9-7D1E-4385-AD34-C7D826649F89}.Deploy|x86.ActiveCfg = Release|x86
		{D19470F9-7D1E-4385-AD34-C7D826649F89}.Deploy|x86.Build.0 = Release|x86
		{D19470F9-7D1E-4385-AD34-C7D826649F89}.Release|Any CPU.ActiveCfg = Release|Any CPU
		{D19470F9-7D1E-4385-AD34-C7D826649F89}.Release|Any CPU.Build.0 = Release|Any CPU
		{D19470F9-7D1E-4385-AD34-C7D826649F89}.Release|Mixed Platforms.ActiveCfg = Release|x86
		{D19470F9-7D1E-4385-AD34-C7D826649F89}.Release|Mixed Platforms.Build.0 = Release|x86
		{D19470F9-7D1E-4385-AD34-C7D826649F89}.Release|x64.ActiveCfg = Release|x64
		{D19470F9-7D1E-4385-AD34-C7D826649F89}.Release|x64.Build.0 = Release|x64
		{D19470F9-7D1E-4385-AD34-C7D826649F89}.Release|x86.ActiveCfg = Release|x86
		{D19470F9-7D1E-4385-AD34-C7D826649F89}.Release|x86.Build.0 = Release|x86
		{F51E9F9B-101C-4F76-92C3-F28904E58466}.All|Any CPU.ActiveCfg = Release|Any CPU
		{F51E9F9B-101C-4F76-92C3-F28904E58466}.All|Any CPU.Build.0 = Release|Any CPU
		{F51E9F9B-101C-4F76-92C3-F28904E58466}.All|Mixed Platforms.ActiveCfg = Release|x86
		{F51E9F9B-101C-4F76-92C3-F28904E58466}.All|Mixed Platforms.Build.0 = Release|x86
		{F51E9F9B-101C-4F76-92C3-F28904E58466}.All|x64.ActiveCfg = Release|x64
		{F51E9F9B-101C-4F76-92C3-F28904E58466}.All|x64.Build.0 = Release|x64
		{F51E9F9B-101C-4F76-92C3-F28904E58466}.All|x86.ActiveCfg = Release|x86
		{F51E9F9B-101C-4F76-92C3-F28904E58466}.All|x86.Build.0 = Release|x86
		{F51E9F9B-101C-4F76-92C3-F28904E58466}.Debug|Any CPU.ActiveCfg = Debug|Any CPU
		{F51E9F9B-101C-4F76-92C3-F28904E58466}.Debug|Any CPU.Build.0 = Debug|Any CPU
		{F51E9F9B-101C-4F76-92C3-F28904E58466}.Debug|Mixed Platforms.ActiveCfg = Debug|x86
		{F51E9F9B-101C-4F76-92C3-F28904E58466}.Debug|Mixed Platforms.Build.0 = Debug|x86
		{F51E9F9B-101C-4F76-92C3-F28904E58466}.Debug|x64.ActiveCfg = Debug|x64
		{F51E9F9B-101C-4F76-92C3-F28904E58466}.Debug|x64.Build.0 = Debug|x64
		{F51E9F9B-101C-4F76-92C3-F28904E58466}.Debug|x86.ActiveCfg = Debug|x86
		{F51E9F9B-101C-4F76-92C3-F28904E58466}.Debug|x86.Build.0 = Debug|x86
		{F51E9F9B-101C-4F76-92C3-F28904E58466}.Deploy|Any CPU.ActiveCfg = Release|Any CPU
		{F51E9F9B-101C-4F76-92C3-F28904E58466}.Deploy|Mixed Platforms.ActiveCfg = Debug|x86
		{F51E9F9B-101C-4F76-92C3-F28904E58466}.Deploy|x64.ActiveCfg = Release|x64
		{F51E9F9B-101C-4F76-92C3-F28904E58466}.Deploy|x86.ActiveCfg = Release|x86
		{F51E9F9B-101C-4F76-92C3-F28904E58466}.Release|Any CPU.ActiveCfg = Release|Any CPU
		{F51E9F9B-101C-4F76-92C3-F28904E58466}.Release|Any CPU.Build.0 = Release|Any CPU
		{F51E9F9B-101C-4F76-92C3-F28904E58466}.Release|Mixed Platforms.ActiveCfg = Release|x86
		{F51E9F9B-101C-4F76-92C3-F28904E58466}.Release|Mixed Platforms.Build.0 = Release|x86
		{F51E9F9B-101C-4F76-92C3-F28904E58466}.Release|x64.ActiveCfg = Release|x64
		{F51E9F9B-101C-4F76-92C3-F28904E58466}.Release|x64.Build.0 = Release|x64
		{F51E9F9B-101C-4F76-92C3-F28904E58466}.Release|x86.ActiveCfg = Release|x86
		{F51E9F9B-101C-4F76-92C3-F28904E58466}.Release|x86.Build.0 = Release|x86
		{F78ED296-80A0-4300-AA3B-B754688E6B98}.All|Any CPU.ActiveCfg = Release
		{F78ED296-80A0-4300-AA3B-B754688E6B98}.All|Mixed Platforms.ActiveCfg = Debug
		{F78ED296-80A0-4300-AA3B-B754688E6B98}.All|x64.ActiveCfg = Debug
		{F78ED296-80A0-4300-AA3B-B754688E6B98}.All|x86.ActiveCfg = Debug
		{F78ED296-80A0-4300-AA3B-B754688E6B98}.Debug|Any CPU.ActiveCfg = Debug
		{F78ED296-80A0-4300-AA3B-B754688E6B98}.Debug|Mixed Platforms.ActiveCfg = Debug
		{F78ED296-80A0-4300-AA3B-B754688E6B98}.Debug|x64.ActiveCfg = Debug
		{F78ED296-80A0-4300-AA3B-B754688E6B98}.Debug|x86.ActiveCfg = Debug
		{F78ED296-80A0-4300-AA3B-B754688E6B98}.Deploy|Any CPU.ActiveCfg = Debug
		{F78ED296-80A0-4300-AA3B-B754688E6B98}.Deploy|Mixed Platforms.ActiveCfg = Debug
		{F78ED296-80A0-4300-AA3B-B754688E6B98}.Deploy|x64.ActiveCfg = Debug
		{F78ED296-80A0-4300-AA3B-B754688E6B98}.Deploy|x86.ActiveCfg = Debug
		{F78ED296-80A0-4300-AA3B-B754688E6B98}.Release|Any CPU.ActiveCfg = Release
		{F78ED296-80A0-4300-AA3B-B754688E6B98}.Release|Mixed Platforms.ActiveCfg = Release
		{F78ED296-80A0-4300-AA3B-B754688E6B98}.Release|x64.ActiveCfg = Release
		{F78ED296-80A0-4300-AA3B-B754688E6B98}.Release|x86.ActiveCfg = Release
	EndGlobalSection
	GlobalSection(SolutionProperties) = preSolution
		HideSolutionNode = FALSE
	EndGlobalSection
	GlobalSection(ExtensibilityGlobals) = postSolution
		SolutionGuid = {CA0D4DBA-EB98-4AF2-8981-EA9405A3F5A9}
	EndGlobalSection
EndGlobal
