
Microsoft Visual Studio Solution File, Format Version 12.00
# Visual Studio Version 17
VisualStudioVersion = 17.2.32519.379
MinimumVisualStudioVersion = 10.0.40219.1
Project("{9A19103F-16F7-4668-BE54-9A1E7A4F7556}") = "MidiShapeShifter", "MidiShapeShifter\MidiShapeShifter.csproj", "{D19470F9-7D1E-4385-AD34-C7D826649F89}"
	ProjectSection(ProjectDependencies) = postProject
		{23A6C1AD-296B-4A10-A27A-ADFF30132902} = {23A6C1AD-296B-4A10-A27A-ADFF30132902}
		{B4218BC9-9736-42B9-BC99-7903FDBEBA28} = {B4218BC9-9736-42B9-BC99-7903FDBEBA28}
		{DB003528-61D8-4FA6-B0B5-F4F09F1F9135} = {DB003528-61D8-4FA6-B0B5-F4F09F1F9135}
	EndProjectSection
EndProject
Project("{FAE04EC0-301F-11D3-BF4B-00C04F79EFBC}") = "MidiShapeShifterTest", "MidiShapeShifterTest\MidiShapeShifterTest.csproj", "{F51E9F9B-101C-4F76-92C3-F28904E58466}"
	ProjectSection(ProjectDependencies) = postProject
		{D19470F9-7D1E-4385-AD34-C7D826649F89} = {D19470F9-7D1E-4385-AD34-C7D826649F89}
	EndProjectSection
EndProject
Project("{54435603-DBB4-11D2-8724-00A0C9A8B90C}") = "MidiShapeShifterInstaller", "MidiShapeShifterInstaller\MidiShapeShifterInstaller.vdproj", "{A5BC787D-A27A-427B-B616-5AC8CB43A06F}"
	ProjectSection(ProjectDependencies) = postProject
		{D19470F9-7D1E-4385-AD34-C7D826649F89} = {D19470F9-7D1E-4385-AD34-C7D826649F89}
	EndProjectSection
EndProject
Project("{9A19103F-16F7-4668-BE54-9A1E7A4F7556}") = "LBIndustrialCtrls", "..\SDK\LBIndustrialCtrls\LBIndustrialCtrls\LBIndustrialCtrls.csproj", "{B4218BC9-9736-42B9-BC99-7903FDBEBA28}"
EndProject
Project("{9A19103F-16F7-4668-BE54-9A1E7A4F7556}") = "ZedGraph", "..\SDK\ZedGraph\source\ZedGraph\ZedGraph.csproj", "{DB003528-61D8-4FA6-B0B5-F4F09F1F9135}"
EndProject
Project("{9A19103F-16F7-4668-BE54-9A1E7A4F7556}") = "ZedGraph.WinForms", "..\SDK\ZedGraph\source\ZedGraph.WinForms\ZedGraph.WinForms.csproj", "{23A6C1AD-296B-4A10-A27A-ADFF30132902}"
EndProject
Global
	GlobalSection(SolutionConfigurationPlatforms) = preSolution
		All|Any CPU = All|Any CPU
		All|x64 = All|x64
		Debug|Any CPU = Debug|Any CPU
		Debug|x64 = Debug|x64
		Deploy|Any CPU = Deploy|Any CPU
		Deploy|x64 = Deploy|x64
		Release|Any CPU = Release|Any CPU
		Release|x64 = Release|x64
	EndGlobalSection
	GlobalSection(ProjectConfigurationPlatforms) = postSolution
		{D19470F9-7D1E-4385-AD34-C7D826649F89}.All|Any CPU.ActiveCfg = Debug|x64
		{D19470F9-7D1E-4385-AD34-C7D826649F89}.All|Any CPU.Build.0 = Debug|x64
		{D19470F9-7D1E-4385-AD34-C7D826649F89}.All|x64.ActiveCfg = Release|x64
		{D19470F9-7D1E-4385-AD34-C7D826649F89}.All|x64.Build.0 = Release|x64
		{D19470F9-7D1E-4385-AD34-C7D826649F89}.Debug|Any CPU.ActiveCfg = Debug|x64
		{D19470F9-7D1E-4385-AD34-C7D826649F89}.Debug|Any CPU.Build.0 = Debug|x64
		{D19470F9-7D1E-4385-AD34-C7D826649F89}.Debug|x64.ActiveCfg = Debug|x64
		{D19470F9-7D1E-4385-AD34-C7D826649F89}.Debug|x64.Build.0 = Debug|x64
		{D19470F9-7D1E-4385-AD34-C7D826649F89}.Deploy|Any CPU.ActiveCfg = Debug|x64
		{D19470F9-7D1E-4385-AD34-C7D826649F89}.Deploy|Any CPU.Build.0 = Debug|x64
		{D19470F9-7D1E-4385-AD34-C7D826649F89}.Deploy|x64.ActiveCfg = Release|x64
		{D19470F9-7D1E-4385-AD34-C7D826649F89}.Deploy|x64.Build.0 = Release|x64
		{D19470F9-7D1E-4385-AD34-C7D826649F89}.Release|Any CPU.ActiveCfg = Release|x64
		{D19470F9-7D1E-4385-AD34-C7D826649F89}.Release|Any CPU.Build.0 = Release|x64
		{D19470F9-7D1E-4385-AD34-C7D826649F89}.Release|x64.ActiveCfg = Release|x64
		{D19470F9-7D1E-4385-AD34-C7D826649F89}.Release|x64.Build.0 = Release|x64
		{F51E9F9B-101C-4F76-92C3-F28904E58466}.All|Any CPU.ActiveCfg = Debug|x64
		{F51E9F9B-101C-4F76-92C3-F28904E58466}.All|Any CPU.Build.0 = Debug|x64
		{F51E9F9B-101C-4F76-92C3-F28904E58466}.All|x64.ActiveCfg = Release|x64
		{F51E9F9B-101C-4F76-92C3-F28904E58466}.All|x64.Build.0 = Release|x64
		{F51E9F9B-101C-4F76-92C3-F28904E58466}.Debug|Any CPU.ActiveCfg = Debug|x64
		{F51E9F9B-101C-4F76-92C3-F28904E58466}.Debug|Any CPU.Build.0 = Debug|x64
		{F51E9F9B-101C-4F76-92C3-F28904E58466}.Debug|x64.ActiveCfg = Debug|x64
		{F51E9F9B-101C-4F76-92C3-F28904E58466}.Debug|x64.Build.0 = Debug|x64
		{F51E9F9B-101C-4F76-92C3-F28904E58466}.Deploy|Any CPU.ActiveCfg = Debug|x64
		{F51E9F9B-101C-4F76-92C3-F28904E58466}.Deploy|Any CPU.Build.0 = Debug|x64
		{F51E9F9B-101C-4F76-92C3-F28904E58466}.Deploy|x64.ActiveCfg = Release|x64
		{F51E9F9B-101C-4F76-92C3-F28904E58466}.Release|Any CPU.ActiveCfg = Release|x64
		{F51E9F9B-101C-4F76-92C3-F28904E58466}.Release|Any CPU.Build.0 = Release|x64
		{F51E9F9B-101C-4F76-92C3-F28904E58466}.Release|x64.ActiveCfg = Release|x64
		{F51E9F9B-101C-4F76-92C3-F28904E58466}.Release|x64.Build.0 = Release|x64
		{A5BC787D-A27A-427B-B616-5AC8CB43A06F}.All|Any CPU.ActiveCfg = Debug
		{A5BC787D-A27A-427B-B616-5AC8CB43A06F}.All|Any CPU.Build.0 = Debug
		{A5BC787D-A27A-427B-B616-5AC8CB43A06F}.All|x64.ActiveCfg = Release
		{A5BC787D-A27A-427B-B616-5AC8CB43A06F}.All|x64.Build.0 = Release
		{A5BC787D-A27A-427B-B616-5AC8CB43A06F}.Debug|Any CPU.ActiveCfg = Debug
		{A5BC787D-A27A-427B-B616-5AC8CB43A06F}.Debug|Any CPU.Build.0 = Debug
		{A5BC787D-A27A-427B-B616-5AC8CB43A06F}.Debug|x64.ActiveCfg = Release
		{A5BC787D-A27A-427B-B616-5AC8CB43A06F}.Deploy|Any CPU.ActiveCfg = Debug
		{A5BC787D-A27A-427B-B616-5AC8CB43A06F}.Deploy|Any CPU.Build.0 = Debug
		{A5BC787D-A27A-427B-B616-5AC8CB43A06F}.Deploy|x64.ActiveCfg = Release
		{A5BC787D-A27A-427B-B616-5AC8CB43A06F}.Deploy|x64.Build.0 = Release
		{A5BC787D-A27A-427B-B616-5AC8CB43A06F}.Release|Any CPU.ActiveCfg = Release
		{A5BC787D-A27A-427B-B616-5AC8CB43A06F}.Release|Any CPU.Build.0 = Release
		{A5BC787D-A27A-427B-B616-5AC8CB43A06F}.Release|x64.ActiveCfg = Release
		{B4218BC9-9736-42B9-BC99-7903FDBEBA28}.All|Any CPU.ActiveCfg = Debug|Any CPU
		{B4218BC9-9736-42B9-BC99-7903FDBEBA28}.All|Any CPU.Build.0 = Debug|Any CPU
		{B4218BC9-9736-42B9-BC99-7903FDBEBA28}.All|x64.ActiveCfg = Debug|Any CPU
		{B4218BC9-9736-42B9-BC99-7903FDBEBA28}.All|x64.Build.0 = Debug|Any CPU
		{B4218BC9-9736-42B9-BC99-7903FDBEBA28}.Debug|Any CPU.ActiveCfg = Debug|Any CPU
		{B4218BC9-9736-42B9-BC99-7903FDBEBA28}.Debug|Any CPU.Build.0 = Debug|Any CPU
		{B4218BC9-9736-42B9-BC99-7903FDBEBA28}.Debug|x64.ActiveCfg = Debug|Any CPU
		{B4218BC9-9736-42B9-BC99-7903FDBEBA28}.Debug|x64.Build.0 = Debug|Any CPU
		{B4218BC9-9736-42B9-BC99-7903FDBEBA28}.Deploy|Any CPU.ActiveCfg = Debug|Any CPU
		{B4218BC9-9736-42B9-BC99-7903FDBEBA28}.Deploy|Any CPU.Build.0 = Debug|Any CPU
		{B4218BC9-9736-42B9-BC99-7903FDBEBA28}.Deploy|x64.ActiveCfg = Debug|Any CPU
		{B4218BC9-9736-42B9-BC99-7903FDBEBA28}.Deploy|x64.Build.0 = Debug|Any CPU
		{B4218BC9-9736-42B9-BC99-7903FDBEBA28}.Release|Any CPU.ActiveCfg = Release|Any CPU
		{B4218BC9-9736-42B9-BC99-7903FDBEBA28}.Release|Any CPU.Build.0 = Release|Any CPU
		{B4218BC9-9736-42B9-BC99-7903FDBEBA28}.Release|x64.ActiveCfg = Release|Any CPU
		{B4218BC9-9736-42B9-BC99-7903FDBEBA28}.Release|x64.Build.0 = Release|Any CPU
		{DB003528-61D8-4FA6-B0B5-F4F09F1F9135}.All|Any CPU.ActiveCfg = Debug|Any CPU
		{DB003528-61D8-4FA6-B0B5-F4F09F1F9135}.All|Any CPU.Build.0 = Debug|Any CPU
		{DB003528-61D8-4FA6-B0B5-F4F09F1F9135}.All|x64.ActiveCfg = Debug|Any CPU
		{DB003528-61D8-4FA6-B0B5-F4F09F1F9135}.All|x64.Build.0 = Debug|Any CPU
		{DB003528-61D8-4FA6-B0B5-F4F09F1F9135}.Debug|Any CPU.ActiveCfg = Debug|Any CPU
		{DB003528-61D8-4FA6-B0B5-F4F09F1F9135}.Debug|Any CPU.Build.0 = Debug|Any CPU
		{DB003528-61D8-4FA6-B0B5-F4F09F1F9135}.Debug|x64.ActiveCfg = Debug|Any CPU
		{DB003528-61D8-4FA6-B0B5-F4F09F1F9135}.Debug|x64.Build.0 = Debug|Any CPU
		{DB003528-61D8-4FA6-B0B5-F4F09F1F9135}.Deploy|Any CPU.ActiveCfg = Debug|Any CPU
		{DB003528-61D8-4FA6-B0B5-F4F09F1F9135}.Deploy|Any CPU.Build.0 = Debug|Any CPU
		{DB003528-61D8-4FA6-B0B5-F4F09F1F9135}.Deploy|x64.ActiveCfg = Debug|Any CPU
		{DB003528-61D8-4FA6-B0B5-F4F09F1F9135}.Deploy|x64.Build.0 = Debug|Any CPU
		{DB003528-61D8-4FA6-B0B5-F4F09F1F9135}.Release|Any CPU.ActiveCfg = Release|Any CPU
		{DB003528-61D8-4FA6-B0B5-F4F09F1F9135}.Release|Any CPU.Build.0 = Release|Any CPU
		{DB003528-61D8-4FA6-B0B5-F4F09F1F9135}.Release|x64.ActiveCfg = Release|Any CPU
		{DB003528-61D8-4FA6-B0B5-F4F09F1F9135}.Release|x64.Build.0 = Release|Any CPU
		{23A6C1AD-296B-4A10-A27A-ADFF30132902}.All|Any CPU.ActiveCfg = Debug|Any CPU
		{23A6C1AD-296B-4A10-A27A-ADFF30132902}.All|Any CPU.Build.0 = Debug|Any CPU
		{23A6C1AD-296B-4A10-A27A-ADFF30132902}.All|x64.ActiveCfg = Debug|Any CPU
		{23A6C1AD-296B-4A10-A27A-ADFF30132902}.All|x64.Build.0 = Debug|Any CPU
		{23A6C1AD-296B-4A10-A27A-ADFF30132902}.Debug|Any CPU.ActiveCfg = Debug|Any CPU
		{23A6C1AD-296B-4A10-A27A-ADFF30132902}.Debug|Any CPU.Build.0 = Debug|Any CPU
		{23A6C1AD-296B-4A10-A27A-ADFF30132902}.Debug|x64.ActiveCfg = Debug|Any CPU
		{23A6C1AD-296B-4A10-A27A-ADFF30132902}.Debug|x64.Build.0 = Debug|Any CPU
		{23A6C1AD-296B-4A10-A27A-ADFF30132902}.Deploy|Any CPU.ActiveCfg = Debug|Any CPU
		{23A6C1AD-296B-4A10-A27A-ADFF30132902}.Deploy|Any CPU.Build.0 = Debug|Any CPU
		{23A6C1AD-296B-4A10-A27A-ADFF30132902}.Deploy|x64.ActiveCfg = Debug|Any CPU
		{23A6C1AD-296B-4A10-A27A-ADFF30132902}.Deploy|x64.Build.0 = Debug|Any CPU
		{23A6C1AD-296B-4A10-A27A-ADFF30132902}.Release|Any CPU.ActiveCfg = Release|Any CPU
		{23A6C1AD-296B-4A10-A27A-ADFF30132902}.Release|Any CPU.Build.0 = Release|Any CPU
		{23A6C1AD-296B-4A10-A27A-ADFF30132902}.Release|x64.ActiveCfg = Release|Any CPU
		{23A6C1AD-296B-4A10-A27A-ADFF30132902}.Release|x64.Build.0 = Release|Any CPU
	EndGlobalSection
	GlobalSection(SolutionProperties) = preSolution
		HideSolutionNode = FALSE
	EndGlobalSection
	GlobalSection(ExtensibilityGlobals) = postSolution
		SolutionGuid = {CA0D4DBA-EB98-4AF2-8981-EA9405A3F5A9}
	EndGlobalSection
EndGlobal
